
Microsoft Visual Studio Solution File, Format Version 12.00
# Visual Studio 15
VisualStudioVersion = 15.0.28307.960
MinimumVisualStudioVersion = 10.0.40219.1
Project("{FAE04EC0-301F-11D3-BF4B-00C04F79EFBC}") = "AntlrParserExample", "AntlrParserExample\AntlrParserExample.csproj", "{76FA54B7-7AA7-4408-8F0C-2542ABB71096}"
EndProject
Global
	GlobalSection(SolutionConfigurationPlatforms) = preSolution
		Debug|Any CPU = Debug|Any CPU
		Release|Any CPU = Release|Any CPU
	EndGlobalSection
	GlobalSection(ProjectConfigurationPlatforms) = postSolution
		{76FA54B7-7AA7-4408-8F0C-2542ABB71096}.Debug|Any CPU.ActiveCfg = Debug|Any CPU
		{76FA54B7-7AA7-4408-8F0C-2542ABB71096}.Debug|Any CPU.Build.0 = Debug|Any CPU
		{76FA54B7-7AA7-4408-8F0C-2542ABB71096}.Release|Any CPU.ActiveCfg = Release|Any CPU
		{76FA54B7-7AA7-4408-8F0C-2542ABB71096}.Release|Any CPU.Build.0 = Release|Any CPU
	EndGlobalSection
	GlobalSection(SolutionProperties) = preSolution
		HideSolutionNode = FALSE
	EndGlobalSection
	GlobalSection(ExtensibilityGlobals) = postSolution
		SolutionGuid = {221C76DE-24B5-4099-9ACE-88F13E835F59}
	EndGlobalSection
EndGlobal
